{
  "name": "atp-ui",
  "version": "0.13.0",
  "lockfileVersion": 1,
  "requires": true,
  "dependencies": {
    "basic-reducers": {
      "version": "0.1.0",
      "resolved": "https://registry.npmjs.org/basic-reducers/-/basic-reducers-0.1.0.tgz",
      "integrity": "sha512-iXOorUaUfsLldkTuH+Pmqzaj3AIu6+B1kiUfSYH8mpYuH/nhzLUS/7p4jUHHjrGya19skl71l7+XbF3c9b6acA==",
      "requires": {
        "atp-pointfree": "^0.11.1",
        "redux": "^4.0.0"
      },
      "dependencies": {
        "atp-pointfree": {
          "version": "0.11.1",
          "resolved": "https://registry.npmjs.org/atp-pointfree/-/atp-pointfree-0.11.1.tgz",
          "integrity": "sha512-/8efRRYf/vU8BbubGN1qaW27pE/8DgoTrOB4YmHHHHYIgAmUWHvhHmhpVLW4zJ402AKDkW19udYscar9fJyCwQ==",
          "requires": {
            "type-of": "^2.0.1"
          }
        },
        "redux": {
          "version": "4.0.0",
          "resolved": "https://registry.npmjs.org/redux/-/redux-4.0.0.tgz",
          "integrity": "sha512-NnnHF0h0WVE/hXyrB6OlX67LYRuaf/rJcbWvnHHEPCF/Xa/AZpwhs/20WyqzQae5x4SD2F9nPObgBh2rxAgLiA==",
          "requires": {
            "loose-envify": "^1.1.0",
            "symbol-observable": "^1.2.0"
          }
        }
      }
    },
    "js-tokens": {
      "version": "4.0.0",
      "resolved": "https://registry.npmjs.org/js-tokens/-/js-tokens-4.0.0.tgz",
      "integrity": "sha512-RdJUflcE3cUzKiMqQgsCu06FPu9UdIJO0beYbPhHN4k6apgJtifcoCtT9bcxOpYBtpD2kCM6Sbzg4CausW/PKQ=="
    },
    "loose-envify": {
      "version": "1.4.0",
      "resolved": "https://registry.npmjs.org/loose-envify/-/loose-envify-1.4.0.tgz",
      "integrity": "sha512-lyuxPGr/Wfhrlem2CL/UcnUc1zcqKAImBDzukY7Y5F/yQiNdko6+fRLevlw1HgMySw7f611UIY408EtxRSoK3Q==",
      "requires": {
        "js-tokens": "^3.0.0 || ^4.0.0"
      }
    },
    "symbol-observable": {
      "version": "1.2.0",
      "resolved": "https://registry.npmjs.org/symbol-observable/-/symbol-observable-1.2.0.tgz",
      "integrity": "sha512-e900nM8RRtGhlV36KGEU9k65K3mPb1WV70OdjfxlG2EAuM1noi/E/BaW/uMhL7bPEssK8QV57vN3esixjUvcXQ=="
    },
    "type-of": {
      "version": "2.0.1",
      "resolved": "https://registry.npmjs.org/type-of/-/type-of-2.0.1.tgz",
      "integrity": "sha1-5yoXQYllaOn2KDeNgW1pEvfyOXI="
    }
  }
}
